
Microsoft Visual Studio Solution File, Format Version 12.00
# Visual Studio Version 17
VisualStudioVersion = 17.6.33712.159
MinimumVisualStudioVersion = 10.0.40219.1
Project("{FAE04EC0-301F-11D3-BF4B-00C04F79EFBC}") = "Prueba_FranSalas", "Prueba_FranSalas\Prueba_FranSalas.csproj", "{D55BBB37-C334-4C7F-BBF1-40E1E1C955AF}"
EndProject
Global
	GlobalSection(SolutionConfigurationPlatforms) = preSolution
		Debug|Any CPU = Debug|Any CPU
		Release|Any CPU = Release|Any CPU
	EndGlobalSection
	GlobalSection(ProjectConfigurationPlatforms) = postSolution
		{D55BBB37-C334-4C7F-BBF1-40E1E1C955AF}.Debug|Any CPU.ActiveCfg = Debug|Any CPU
		{D55BBB37-C334-4C7F-BBF1-40E1E1C955AF}.Debug|Any CPU.Build.0 = Debug|Any CPU
		{D55BBB37-C334-4C7F-BBF1-40E1E1C955AF}.Release|Any CPU.ActiveCfg = Release|Any CPU
		{D55BBB37-C334-4C7F-BBF1-40E1E1C955AF}.Release|Any CPU.Build.0 = Release|Any CPU
	EndGlobalSection
	GlobalSection(SolutionProperties) = preSolution
		HideSolutionNode = FALSE
	EndGlobalSection
	GlobalSection(ExtensibilityGlobals) = postSolution
		SolutionGuid = {57D9CE83-10AC-45F4-A0A4-964D70EEAC11}
	EndGlobalSection
EndGlobal
